
Microsoft Visual Studio Solution File, Format Version 12.00
# Visual Studio Version 17
VisualStudioVersion = 17.8.34525.116
MinimumVisualStudioVersion = 10.0.40219.1
Project("{FAE04EC0-301F-11D3-BF4B-00C04F79EFBC}") = "Empleados4G", "Empleados4G.csproj", "{F3B77346-B42F-48F6-A425-6F730EA17790}"
EndProject
Global
	GlobalSection(SolutionConfigurationPlatforms) = preSolution
		Debug|Any CPU = Debug|Any CPU
		Release|Any CPU = Release|Any CPU
	EndGlobalSection
	GlobalSection(ProjectConfigurationPlatforms) = postSolution
		{F3B77346-B42F-48F6-A425-6F730EA17790}.Debug|Any CPU.ActiveCfg = Debug|Any CPU
		{F3B77346-B42F-48F6-A425-6F730EA17790}.Debug|Any CPU.Build.0 = Debug|Any CPU
		{F3B77346-B42F-48F6-A425-6F730EA17790}.Release|Any CPU.ActiveCfg = Release|Any CPU
		{F3B77346-B42F-48F6-A425-6F730EA17790}.Release|Any CPU.Build.0 = Release|Any CPU
	EndGlobalSection
	GlobalSection(SolutionProperties) = preSolution
		HideSolutionNode = FALSE
	EndGlobalSection
	GlobalSection(ExtensibilityGlobals) = postSolution
		SolutionGuid = {747EED07-881B-42F6-BFD3-07A35CF3696D}
	EndGlobalSection
EndGlobal
